%{
  "complex": {:hex, :complex, "0.4.0", "c4e0402efb587011cdbd73b3f188ec5a3dbd4d516530bedfb041b6d58ea0baea", [:mix], [], "hexpm", "ba7b7547a647dfc907cf0c50c906d16dd1ae879f7ec0d61786962c9cb41f793a"},
  "kino": {:hex, :kino, "0.6.1", "7c6bd60ec92180e7f48114078d75e1d502581e2860e93e73dd659828df9559ff", [:mix], [{:table, "~> 0.1.0", [hex: :table, repo: "hexpm", optional: false]}], "hexpm", "db9affe9f3ac8610f18d6d2e96b19fa63165cf4021809bda250e4889bad699ea"},
  "kino_vega_lite": {:hex, :kino_vega_lite, "0.1.1", "29438b43a3fd3e0f1c8560ed9f943fe593b293e710fc091c63d65b272dd6255f", [:mix], [{:kino, "~> 0.6.1", [hex: :kino, repo: "hexpm", optional: false]}, {:table, "~> 0.1.0", [hex: :table, repo: "hexpm", optional: false]}, {:vega_lite, "~> 0.1.4", [hex: :vega_lite, repo: "hexpm", optional: false]}], "hexpm", "7058ffd10379b4b33a2bbca0b4a3bd6a124ef45136df01d3ccfd4f82ab368473"},
  "nx": {:hex, :nx, "0.2.0", "ae550cd72bca2e56f90fc63d59f2f11ac17ed3c4a9cd0968397f4ef9b795b3d6", [:mix], [{:complex, "~> 0.4.0", [hex: :complex, repo: "hexpm", optional: false]}], "hexpm", "31d4936d2cf78a0b147830f0e6fca45bd3ed4b1e592e2bcd61a85f81e892617c"},
  "scholar": {:git, "https://github.com/elixir-nx/scholar.git", "6ae1f64d58886f47d5c27d0c4636eb92a16daeb9", []},
  "table": {:hex, :table, "0.1.1", "e8d3c75bb14b8dac227e17d85a626e695d96c271569e94e4a2d15494a7cb0b49", [:mix], [], "hexpm", "6a73280b2f5ad70474594feeb8c034ad490b97dbd5adaeb678f71c250cbc928c"},
  "vega_lite": {:hex, :vega_lite, "0.1.4", "97f3f59f1a8b65169aa7dd861b0e13d10fb73e18b1f8546b953c34a74cab33ef", [:mix], [{:table, "~> 0.1.0", [hex: :table, repo: "hexpm", optional: false]}], "hexpm", "b9d0ec3e978b9d1b1a37024e218391f9c1d5a90b783ed2ed988bf5a9b2fddefb"},
}
